
Microsoft Visual Studio Solution File, Format Version 12.00
# Visual Studio 14
VisualStudioVersion = 14.0.25420.1
MinimumVisualStudioVersion = 10.0.40219.1
Project("{FAE04EC0-301F-11D3-BF4B-00C04F79EFBC}") = "Conference.Presentation", "Conference.Presentation\Conference.Presentation.csproj", "{1F6AD60B-11EE-4233-81C5-26B956EB3DD1}"
EndProject
Project("{FAE04EC0-301F-11D3-BF4B-00C04F79EFBC}") = "Conference.Business", "Conference.Business\Conference.Business.csproj", "{4B2D359C-05A4-4BCB-99A7-C1F1ECFDA68B}"
EndProject
Project("{FAE04EC0-301F-11D3-BF4B-00C04F79EFBC}") = "Conference.Data", "Conference.Data\Conference.Data.csproj", "{4331045B-1BF6-49F9-B1EC-13BE441E1097}"
EndProject
Global
	GlobalSection(SolutionConfigurationPlatforms) = preSolution
		Debug|Any CPU = Debug|Any CPU
		Release|Any CPU = Release|Any CPU
	EndGlobalSection
	GlobalSection(ProjectConfigurationPlatforms) = postSolution
		{1F6AD60B-11EE-4233-81C5-26B956EB3DD1}.Debug|Any CPU.ActiveCfg = Debug|Any CPU
		{1F6AD60B-11EE-4233-81C5-26B956EB3DD1}.Debug|Any CPU.Build.0 = Debug|Any CPU
		{1F6AD60B-11EE-4233-81C5-26B956EB3DD1}.Release|Any CPU.ActiveCfg = Release|Any CPU
		{1F6AD60B-11EE-4233-81C5-26B956EB3DD1}.Release|Any CPU.Build.0 = Release|Any CPU
		{4B2D359C-05A4-4BCB-99A7-C1F1ECFDA68B}.Debug|Any CPU.ActiveCfg = Debug|Any CPU
		{4B2D359C-05A4-4BCB-99A7-C1F1ECFDA68B}.Debug|Any CPU.Build.0 = Debug|Any CPU
		{4B2D359C-05A4-4BCB-99A7-C1F1ECFDA68B}.Release|Any CPU.ActiveCfg = Release|Any CPU
		{4B2D359C-05A4-4BCB-99A7-C1F1ECFDA68B}.Release|Any CPU.Build.0 = Release|Any CPU
		{4331045B-1BF6-49F9-B1EC-13BE441E1097}.Debug|Any CPU.ActiveCfg = Debug|Any CPU
		{4331045B-1BF6-49F9-B1EC-13BE441E1097}.Debug|Any CPU.Build.0 = Debug|Any CPU
		{4331045B-1BF6-49F9-B1EC-13BE441E1097}.Release|Any CPU.ActiveCfg = Release|Any CPU
		{4331045B-1BF6-49F9-B1EC-13BE441E1097}.Release|Any CPU.Build.0 = Release|Any CPU
	EndGlobalSection
	GlobalSection(SolutionProperties) = preSolution
		HideSolutionNode = FALSE
	EndGlobalSection
EndGlobal
